
Microsoft Visual Studio Solution File, Format Version 12.00
# Visual Studio Version 17
VisualStudioVersion = 17.10.35122.118
MinimumVisualStudioVersion = 10.0.40219.1
Project("{FAE04EC0-301F-11D3-BF4B-00C04F79EFBC}") = "SingletonDesignPattern", "SingletonDesignPattern\SingletonDesignPattern.csproj", "{5750F941-B4B2-4819-8CAF-DF94304CCD58}"
EndProject
Global
	GlobalSection(SolutionConfigurationPlatforms) = preSolution
		Debug|Any CPU = Debug|Any CPU
		Release|Any CPU = Release|Any CPU
	EndGlobalSection
	GlobalSection(ProjectConfigurationPlatforms) = postSolution
		{5750F941-B4B2-4819-8CAF-DF94304CCD58}.Debug|Any CPU.ActiveCfg = Debug|Any CPU
		{5750F941-B4B2-4819-8CAF-DF94304CCD58}.Debug|Any CPU.Build.0 = Debug|Any CPU
		{5750F941-B4B2-4819-8CAF-DF94304CCD58}.Release|Any CPU.ActiveCfg = Release|Any CPU
		{5750F941-B4B2-4819-8CAF-DF94304CCD58}.Release|Any CPU.Build.0 = Release|Any CPU
	EndGlobalSection
	GlobalSection(SolutionProperties) = preSolution
		HideSolutionNode = FALSE
	EndGlobalSection
	GlobalSection(ExtensibilityGlobals) = postSolution
		SolutionGuid = {3AA087C6-7B2C-4F55-9D5B-ABB3BDBF6208}
	EndGlobalSection
EndGlobal
