
Microsoft Visual Studio Solution File, Format Version 12.00
# Visual Studio Version 17
VisualStudioVersion = 17.10.35122.118
MinimumVisualStudioVersion = 10.0.40219.1
Project("{FAE04EC0-301F-11D3-BF4B-00C04F79EFBC}") = "SingletonDesignPattern", "SingletonDesignPattern\SingletonDesignPattern.csproj", "{5750F941-B4B2-4819-8CAF-DF94304CCD58}"
EndProject
Project("{FAE04EC0-301F-11D3-BF4B-00C04F79EFBC}") = "FactoryDesignPattern", "FactoryDesignPattern\FactoryDesignPattern.csproj", "{F9578732-0399-4BA5-8F8E-07F082D14C5C}"
EndProject
Project("{FAE04EC0-301F-11D3-BF4B-00C04F79EFBC}") = "AdapterDesignPattern", "AdapterDesignPattern\AdapterDesignPattern.csproj", "{ACA43001-DA59-4965-9D43-E3F8F0084569}"
EndProject
Project("{FAE04EC0-301F-11D3-BF4B-00C04F79EFBC}") = "DecoratorDesignPattern", "DecoratorDesignPattern\DecoratorDesignPattern.csproj", "{1D914FEA-CC8A-42D4-830D-DAEB73D18E03}"
EndProject
Global
	GlobalSection(SolutionConfigurationPlatforms) = preSolution
		Debug|Any CPU = Debug|Any CPU
		Release|Any CPU = Release|Any CPU
	EndGlobalSection
	GlobalSection(ProjectConfigurationPlatforms) = postSolution
		{5750F941-B4B2-4819-8CAF-DF94304CCD58}.Debug|Any CPU.ActiveCfg = Debug|Any CPU
		{5750F941-B4B2-4819-8CAF-DF94304CCD58}.Debug|Any CPU.Build.0 = Debug|Any CPU
		{5750F941-B4B2-4819-8CAF-DF94304CCD58}.Release|Any CPU.ActiveCfg = Release|Any CPU
		{5750F941-B4B2-4819-8CAF-DF94304CCD58}.Release|Any CPU.Build.0 = Release|Any CPU
		{F9578732-0399-4BA5-8F8E-07F082D14C5C}.Debug|Any CPU.ActiveCfg = Debug|Any CPU
		{F9578732-0399-4BA5-8F8E-07F082D14C5C}.Debug|Any CPU.Build.0 = Debug|Any CPU
		{F9578732-0399-4BA5-8F8E-07F082D14C5C}.Release|Any CPU.ActiveCfg = Release|Any CPU
		{F9578732-0399-4BA5-8F8E-07F082D14C5C}.Release|Any CPU.Build.0 = Release|Any CPU
		{ACA43001-DA59-4965-9D43-E3F8F0084569}.Debug|Any CPU.ActiveCfg = Debug|Any CPU
		{ACA43001-DA59-4965-9D43-E3F8F0084569}.Debug|Any CPU.Build.0 = Debug|Any CPU
		{ACA43001-DA59-4965-9D43-E3F8F0084569}.Release|Any CPU.ActiveCfg = Release|Any CPU
		{ACA43001-DA59-4965-9D43-E3F8F0084569}.Release|Any CPU.Build.0 = Release|Any CPU
		{1D914FEA-CC8A-42D4-830D-DAEB73D18E03}.Debug|Any CPU.ActiveCfg = Debug|Any CPU
		{1D914FEA-CC8A-42D4-830D-DAEB73D18E03}.Debug|Any CPU.Build.0 = Debug|Any CPU
		{1D914FEA-CC8A-42D4-830D-DAEB73D18E03}.Release|Any CPU.ActiveCfg = Release|Any CPU
		{1D914FEA-CC8A-42D4-830D-DAEB73D18E03}.Release|Any CPU.Build.0 = Release|Any CPU
	EndGlobalSection
	GlobalSection(SolutionProperties) = preSolution
		HideSolutionNode = FALSE
	EndGlobalSection
	GlobalSection(ExtensibilityGlobals) = postSolution
		SolutionGuid = {3AA087C6-7B2C-4F55-9D5B-ABB3BDBF6208}
	EndGlobalSection
EndGlobal
